
Microsoft Visual Studio Solution File, Format Version 12.00
# Visual Studio Version 17
VisualStudioVersion = 17.4.33205.214
MinimumVisualStudioVersion = 10.0.40219.1
Project("{888888A0-9F3D-457C-B088-3A5042F75D52}") = "Index Gleb Sots", "Index Gleb Sots.pyproj", "{06270647-D4B8-476D-99F2-E135722CE4F1}"
EndProject
Global
	GlobalSection(SolutionConfigurationPlatforms) = preSolution
		Debug|Any CPU = Debug|Any CPU
		Release|Any CPU = Release|Any CPU
	EndGlobalSection
	GlobalSection(ProjectConfigurationPlatforms) = postSolution
		{06270647-D4B8-476D-99F2-E135722CE4F1}.Debug|Any CPU.ActiveCfg = Debug|Any CPU
		{06270647-D4B8-476D-99F2-E135722CE4F1}.Release|Any CPU.ActiveCfg = Release|Any CPU
	EndGlobalSection
	GlobalSection(SolutionProperties) = preSolution
		HideSolutionNode = FALSE
	EndGlobalSection
	GlobalSection(ExtensibilityGlobals) = postSolution
		SolutionGuid = {88333775-D3A5-48DC-8A8B-7B8414057F92}
	EndGlobalSection
EndGlobal
